
Microsoft Visual Studio Solution File, Format Version 12.00
# Visual Studio Version 16
VisualStudioVersion = 16.0.31005.135
MinimumVisualStudioVersion = 10.0.40219.1
Project("{9A19103F-16F7-4668-BE54-9A1E7A4F7556}") = "RGGame", "RGGame\RGGame.csproj", "{22CF49A6-B1B0-4DE1-8456-AAB69CFF4A69}"
EndProject
Project("{9A19103F-16F7-4668-BE54-9A1E7A4F7556}") = "RGGraphics", "RGGraphics\RGGraphics.csproj", "{E7466AB2-1283-4312-8F5D-A35BCDD8F7CD}"
EndProject
Project("{FAE04EC0-301F-11D3-BF4B-00C04F79EFBC}") = "RockplanetsEditor", "RockplanetsEditor\RockplanetsEditor.csproj", "{BF2C40FC-653F-4312-9F0D-427F2363396A}"
EndProject
Global
	GlobalSection(SolutionConfigurationPlatforms) = preSolution
		Debug|Any CPU = Debug|Any CPU
		Debug|x86 = Debug|x86
		Release|Any CPU = Release|Any CPU
		Release|x86 = Release|x86
	EndGlobalSection
	GlobalSection(ProjectConfigurationPlatforms) = postSolution
		{22CF49A6-B1B0-4DE1-8456-AAB69CFF4A69}.Debug|Any CPU.ActiveCfg = Debug|Any CPU
		{22CF49A6-B1B0-4DE1-8456-AAB69CFF4A69}.Debug|Any CPU.Build.0 = Debug|Any CPU
		{22CF49A6-B1B0-4DE1-8456-AAB69CFF4A69}.Debug|x86.ActiveCfg = Debug|x86
		{22CF49A6-B1B0-4DE1-8456-AAB69CFF4A69}.Debug|x86.Build.0 = Debug|x86
		{22CF49A6-B1B0-4DE1-8456-AAB69CFF4A69}.Release|Any CPU.ActiveCfg = Release|Any CPU
		{22CF49A6-B1B0-4DE1-8456-AAB69CFF4A69}.Release|Any CPU.Build.0 = Release|Any CPU
		{22CF49A6-B1B0-4DE1-8456-AAB69CFF4A69}.Release|x86.ActiveCfg = Release|x86
		{22CF49A6-B1B0-4DE1-8456-AAB69CFF4A69}.Release|x86.Build.0 = Release|x86
		{E7466AB2-1283-4312-8F5D-A35BCDD8F7CD}.Debug|Any CPU.ActiveCfg = Debug|Any CPU
		{E7466AB2-1283-4312-8F5D-A35BCDD8F7CD}.Debug|Any CPU.Build.0 = Debug|Any CPU
		{E7466AB2-1283-4312-8F5D-A35BCDD8F7CD}.Debug|x86.ActiveCfg = Debug|Any CPU
		{E7466AB2-1283-4312-8F5D-A35BCDD8F7CD}.Debug|x86.Build.0 = Debug|Any CPU
		{E7466AB2-1283-4312-8F5D-A35BCDD8F7CD}.Release|Any CPU.ActiveCfg = Release|Any CPU
		{E7466AB2-1283-4312-8F5D-A35BCDD8F7CD}.Release|Any CPU.Build.0 = Release|Any CPU
		{E7466AB2-1283-4312-8F5D-A35BCDD8F7CD}.Release|x86.ActiveCfg = Release|Any CPU
		{E7466AB2-1283-4312-8F5D-A35BCDD8F7CD}.Release|x86.Build.0 = Release|Any CPU
		{BF2C40FC-653F-4312-9F0D-427F2363396A}.Debug|Any CPU.ActiveCfg = Debug|Any CPU
		{BF2C40FC-653F-4312-9F0D-427F2363396A}.Debug|Any CPU.Build.0 = Debug|Any CPU
		{BF2C40FC-653F-4312-9F0D-427F2363396A}.Debug|x86.ActiveCfg = Debug|Any CPU
		{BF2C40FC-653F-4312-9F0D-427F2363396A}.Debug|x86.Build.0 = Debug|Any CPU
		{BF2C40FC-653F-4312-9F0D-427F2363396A}.Release|Any CPU.ActiveCfg = Release|Any CPU
		{BF2C40FC-653F-4312-9F0D-427F2363396A}.Release|Any CPU.Build.0 = Release|Any CPU
		{BF2C40FC-653F-4312-9F0D-427F2363396A}.Release|x86.ActiveCfg = Release|Any CPU
		{BF2C40FC-653F-4312-9F0D-427F2363396A}.Release|x86.Build.0 = Release|Any CPU
	EndGlobalSection
	GlobalSection(SolutionProperties) = preSolution
		HideSolutionNode = FALSE
	EndGlobalSection
	GlobalSection(ExtensibilityGlobals) = postSolution
		SolutionGuid = {7B1B82A9-7923-47E7-B6F3-808DD5BA1205}
	EndGlobalSection
EndGlobal
